
Microsoft Visual Studio Solution File, Format Version 12.00
# Visual Studio Version 17
VisualStudioVersion = 17.5.33530.505
MinimumVisualStudioVersion = 10.0.40219.1
Project("{9A19103F-16F7-4668-BE54-9A1E7A4F7556}") = "CreaJrLeopoldinaAPI", "CreaJrLeopoldinaAPI.csproj", "{11B2FBAA-F71C-458D-AA47-1BCF9753C56B}"
EndProject
Project("{FAE04EC0-301F-11D3-BF4B-00C04F79EFBC}") = "CreaJrLeopoldinaAPI.Tests", "..\CreaJrLeopoldinaAPI.Tests\CreaJrLeopoldinaAPI.Tests.csproj", "{080880F2-065C-456D-80EF-1194F0F9D142}"
EndProject
Global
	GlobalSection(SolutionConfigurationPlatforms) = preSolution
		Debug|Any CPU = Debug|Any CPU
		Release|Any CPU = Release|Any CPU
	EndGlobalSection
	GlobalSection(ProjectConfigurationPlatforms) = postSolution
		{11B2FBAA-F71C-458D-AA47-1BCF9753C56B}.Debug|Any CPU.ActiveCfg = Debug|Any CPU
		{11B2FBAA-F71C-458D-AA47-1BCF9753C56B}.Debug|Any CPU.Build.0 = Debug|Any CPU
		{11B2FBAA-F71C-458D-AA47-1BCF9753C56B}.Release|Any CPU.ActiveCfg = Release|Any CPU
		{11B2FBAA-F71C-458D-AA47-1BCF9753C56B}.Release|Any CPU.Build.0 = Release|Any CPU
		{080880F2-065C-456D-80EF-1194F0F9D142}.Debug|Any CPU.ActiveCfg = Debug|Any CPU
		{080880F2-065C-456D-80EF-1194F0F9D142}.Debug|Any CPU.Build.0 = Debug|Any CPU
		{080880F2-065C-456D-80EF-1194F0F9D142}.Release|Any CPU.ActiveCfg = Release|Any CPU
		{080880F2-065C-456D-80EF-1194F0F9D142}.Release|Any CPU.Build.0 = Release|Any CPU
	EndGlobalSection
	GlobalSection(SolutionProperties) = preSolution
		HideSolutionNode = FALSE
	EndGlobalSection
	GlobalSection(ExtensibilityGlobals) = postSolution
		SolutionGuid = {D191BA9B-7E02-4690-816A-70F771C6F4D1}
	EndGlobalSection
EndGlobal
